
Microsoft Visual Studio Solution File, Format Version 12.00
# Visual Studio Version 16
VisualStudioVersion = 16.0.31911.196
MinimumVisualStudioVersion = 10.0.40219.1
Project("{FAE04EC0-301F-11D3-BF4B-00C04F79EFBC}") = "sm", "sm\sm.csproj", "{822735B5-8086-4763-B257-C3B059BA5AF1}"
EndProject
Global
	GlobalSection(SolutionConfigurationPlatforms) = preSolution
		Debug|Any CPU = Debug|Any CPU
		Release|Any CPU = Release|Any CPU
	EndGlobalSection
	GlobalSection(ProjectConfigurationPlatforms) = postSolution
		{822735B5-8086-4763-B257-C3B059BA5AF1}.Debug|Any CPU.ActiveCfg = Debug|Any CPU
		{822735B5-8086-4763-B257-C3B059BA5AF1}.Debug|Any CPU.Build.0 = Debug|Any CPU
		{822735B5-8086-4763-B257-C3B059BA5AF1}.Release|Any CPU.ActiveCfg = Release|Any CPU
		{822735B5-8086-4763-B257-C3B059BA5AF1}.Release|Any CPU.Build.0 = Release|Any CPU
	EndGlobalSection
	GlobalSection(SolutionProperties) = preSolution
		HideSolutionNode = FALSE
	EndGlobalSection
	GlobalSection(ExtensibilityGlobals) = postSolution
		SolutionGuid = {1DB61C12-B311-4903-9BA3-5FFA1110187F}
	EndGlobalSection
EndGlobal
